// !$*UTF8*$!
{
	archiveVersion = 1;
	classes = {
	};
	objectVersion = 50;
	objects = {

/* Begin PBXBuildFile section */
		84019C25248A0544001DD273 /* Utils.swift in Sources */ = {isa = PBXBuildFile; fileRef = 84019C24248A0544001DD273 /* Utils.swift */; };
		84019C27248A066C001DD273 /* Applescripts.swift in Sources */ = {isa = PBXBuildFile; fileRef = 84019C26248A066C001DD273 /* Applescripts.swift */; };
		84019C29248A0A06001DD273 /* Recorder.swift in Sources */ = {isa = PBXBuildFile; fileRef = 84019C28248A0A06001DD273 /* Recorder.swift */; };
		84019C2C248A13E6001DD273 /* TrueTime.framework in Frameworks */ = {isa = PBXBuildFile; fileRef = 84019C2B248A13E6001DD273 /* TrueTime.framework */; };
		84019C2D248A178D001DD273 /* TrueTime.framework in Frameworks */ = {isa = PBXBuildFile; fileRef = 84019C2B248A13E6001DD273 /* TrueTime.framework */; };
		84019C2E248A178D001DD273 /* TrueTime.framework in Embed Frameworks */ = {isa = PBXBuildFile; fileRef = 84019C2B248A13E6001DD273 /* TrueTime.framework */; settings = {ATTRIBUTES = (CodeSignOnCopy, RemoveHeadersOnCopy, ); }; };
		849034EA2484615200AEB52A /* AppDelegate.swift in Sources */ = {isa = PBXBuildFile; fileRef = 849034E92484615200AEB52A /* AppDelegate.swift */; };
		849034EC2484615200AEB52A /* Assets.xcassets in Resources */ = {isa = PBXBuildFile; fileRef = 849034EB2484615200AEB52A /* Assets.xcassets */; };
		849034EF2484615200AEB52A /* MainMenu.xib in Resources */ = {isa = PBXBuildFile; fileRef = 849034ED2484615200AEB52A /* MainMenu.xib */; };
/* End PBXBuildFile section */

/* Begin PBXCopyFilesBuildPhase section */
		84019C2F248A178D001DD273 /* Embed Frameworks */ = {
			isa = PBXCopyFilesBuildPhase;
			buildActionMask = 2147483647;
			dstPath = "";
			dstSubfolderSpec = 10;
			files = (
				84019C2E248A178D001DD273 /* TrueTime.framework in Embed Frameworks */,
			);
			name = "Embed Frameworks";
			runOnlyForDeploymentPostprocessing = 0;
		};
/* End PBXCopyFilesBuildPhase section */

/* Begin PBXFileReference section */
		84019C24248A0544001DD273 /* Utils.swift */ = {isa = PBXFileReference; lastKnownFileType = sourcecode.swift; path = Utils.swift; sourceTree = "<group>"; };
		84019C26248A066C001DD273 /* Applescripts.swift */ = {isa = PBXFileReference; lastKnownFileType = sourcecode.swift; path = Applescripts.swift; sourceTree = "<group>"; };
		84019C28248A0A06001DD273 /* Recorder.swift */ = {isa = PBXFileReference; lastKnownFileType = sourcecode.swift; path = Recorder.swift; sourceTree = "<group>"; };
		84019C2B248A13E6001DD273 /* TrueTime.framework */ = {isa = PBXFileReference; lastKnownFileType = wrapper.framework; name = TrueTime.framework; path = Carthage/Build/Mac/TrueTime.framework; sourceTree = "<group>"; };
		849034E62484615200AEB52A /* qorona-quintet.app */ = {isa = PBXFileReference; explicitFileType = wrapper.application; includeInIndex = 0; path = "qorona-quintet.app"; sourceTree = BUILT_PRODUCTS_DIR; };
		849034E92484615200AEB52A /* AppDelegate.swift */ = {isa = PBXFileReference; lastKnownFileType = sourcecode.swift; path = AppDelegate.swift; sourceTree = "<group>"; };
		849034EB2484615200AEB52A /* Assets.xcassets */ = {isa = PBXFileReference; lastKnownFileType = folder.assetcatalog; path = Assets.xcassets; sourceTree = "<group>"; };
		849034EE2484615200AEB52A /* Base */ = {isa = PBXFileReference; lastKnownFileType = file.xib; name = Base; path = Base.lproj/MainMenu.xib; sourceTree = "<group>"; };
		849034F02484615200AEB52A /* Info.plist */ = {isa = PBXFileReference; lastKnownFileType = text.plist.xml; path = Info.plist; sourceTree = "<group>"; };
		849034F12484615200AEB52A /* qorona_quintet.entitlements */ = {isa = PBXFileReference; lastKnownFileType = text.plist.entitlements; path = qorona_quintet.entitlements; sourceTree = "<group>"; };
/* End PBXFileReference section */

/* Begin PBXFrameworksBuildPhase section */
		849034E32484615200AEB52A /* Frameworks */ = {
			isa = PBXFrameworksBuildPhase;
			buildActionMask = 2147483647;
			files = (
				84019C2C248A13E6001DD273 /* TrueTime.framework in Frameworks */,
				84019C2D248A178D001DD273 /* TrueTime.framework in Frameworks */,
			);
			runOnlyForDeploymentPostprocessing = 0;
		};
/* End PBXFrameworksBuildPhase section */

/* Begin PBXGroup section */
		84019C2A248A13E5001DD273 /* Frameworks */ = {
			isa = PBXGroup;
			children = (
				84019C2B248A13E6001DD273 /* TrueTime.framework */,
			);
			name = Frameworks;
			sourceTree = "<group>";
		};
		849034DD2484615200AEB52A = {
			isa = PBXGroup;
			children = (
				849034E82484615200AEB52A /* qorona-quintet */,
				849034E72484615200AEB52A /* Products */,
				84019C2A248A13E5001DD273 /* Frameworks */,
			);
			sourceTree = "<group>";
		};
		849034E72484615200AEB52A /* Products */ = {
			isa = PBXGroup;
			children = (
				849034E62484615200AEB52A /* qorona-quintet.app */,
			);
			name = Products;
			sourceTree = "<group>";
		};
		849034E82484615200AEB52A /* qorona-quintet */ = {
			isa = PBXGroup;
			children = (
				849034E92484615200AEB52A /* AppDelegate.swift */,
				84019C24248A0544001DD273 /* Utils.swift */,
				84019C26248A066C001DD273 /* Applescripts.swift */,
				84019C28248A0A06001DD273 /* Recorder.swift */,
				849034EB2484615200AEB52A /* Assets.xcassets */,
				849034ED2484615200AEB52A /* MainMenu.xib */,
				849034F02484615200AEB52A /* Info.plist */,
				849034F12484615200AEB52A /* qorona_quintet.entitlements */,
			);
			path = "qorona-quintet";
			sourceTree = "<group>";
		};
/* End PBXGroup section */

/* Begin PBXNativeTarget section */
		849034E52484615200AEB52A /* qorona-quintet */ = {
			isa = PBXNativeTarget;
			buildConfigurationList = 849034F42484615200AEB52A /* Build configuration list for PBXNativeTarget "qorona-quintet" */;
			buildPhases = (
				849034E22484615200AEB52A /* Sources */,
				849034E32484615200AEB52A /* Frameworks */,
				849034E42484615200AEB52A /* Resources */,
				84019C2F248A178D001DD273 /* Embed Frameworks */,
			);
			buildRules = (
			);
			dependencies = (
			);
			name = "qorona-quintet";
			productName = "qorona-quintet";
			productReference = 849034E62484615200AEB52A /* qorona-quintet.app */;
			productType = "com.apple.product-type.application";
		};
/* End PBXNativeTarget section */

/* Begin PBXProject section */
		849034DE2484615200AEB52A /* Project object */ = {
			isa = PBXProject;
			attributes = {
				LastSwiftUpdateCheck = 1030;
				LastUpgradeCheck = 1030;
				ORGANIZATIONNAME = "Kevin Chen";
				TargetAttributes = {
					849034E52484615200AEB52A = {
						CreatedOnToolsVersion = 10.3;
					};
				};
			};
			buildConfigurationList = 849034E12484615200AEB52A /* Build configuration list for PBXProject "qorona-quintet" */;
			compatibilityVersion = "Xcode 9.3";
			developmentRegion = en;
			hasScannedForEncodings = 0;
			knownRegions = (
				en,
				Base,
			);
			mainGroup = 849034DD2484615200AEB52A;
			productRefGroup = 849034E72484615200AEB52A /* Products */;
			projectDirPath = "";
			projectRoot = "";
			targets = (
				849034E52484615200AEB52A /* qorona-quintet */,
			);
		};
/* End PBXProject section */

/* Begin PBXResourcesBuildPhase section */
		849034E42484615200AEB52A /* Resources */ = {
			isa = PBXResourcesBuildPhase;
			buildActionMask = 2147483647;
			files = (
				849034EC2484615200AEB52A /* Assets.xcassets in Resources */,
				849034EF2484615200AEB52A /* MainMenu.xib in Resources */,
			);
			runOnlyForDeploymentPostprocessing = 0;
		};
/* End PBXResourcesBuildPhase section */

/* Begin PBXSourcesBuildPhase section */
		849034E22484615200AEB52A /* Sources */ = {
			isa = PBXSourcesBuildPhase;
			buildActionMask = 2147483647;
			files = (
				84019C27248A066C001DD273 /* Applescripts.swift in Sources */,
				84019C25248A0544001DD273 /* Utils.swift in Sources */,
				849034EA2484615200AEB52A /* AppDelegate.swift in Sources */,
				84019C29248A0A06001DD273 /* Recorder.swift in Sources */,
			);
			runOnlyForDeploymentPostprocessing = 0;
		};
/* End PBXSourcesBuildPhase section */

/* Begin PBXVariantGroup section */
		849034ED2484615200AEB52A /* MainMenu.xib */ = {
			isa = PBXVariantGroup;
			children = (
				849034EE2484615200AEB52A /* Base */,
			);
			name = MainMenu.xib;
			sourceTree = "<group>";
		};
/* End PBXVariantGroup section */

/* Begin XCBuildConfiguration section */
		849034F22484615200AEB52A /* Debug */ = {
			isa = XCBuildConfiguration;
			buildSettings = {
				ALWAYS_SEARCH_USER_PATHS = NO;
				CLANG_ANALYZER_NONNULL = YES;
				CLANG_ANALYZER_NUMBER_OBJECT_CONVERSION = YES_AGGRESSIVE;
				CLANG_CXX_LANGUAGE_STANDARD = "gnu++14";
				CLANG_CXX_LIBRARY = "libc++";
				CLANG_ENABLE_MODULES = YES;
				CLANG_ENABLE_OBJC_ARC = YES;
				CLANG_ENABLE_OBJC_WEAK = YES;
				CLANG_WARN_BLOCK_CAPTURE_AUTORELEASING = YES;
				CLANG_WARN_BOOL_CONVERSION = YES;
				CLANG_WARN_COMMA = YES;
				CLANG_WARN_CONSTANT_CONVERSION = YES;
				CLANG_WARN_DEPRECATED_OBJC_IMPLEMENTATIONS = YES;
				CLANG_WARN_DIRECT_OBJC_ISA_USAGE = YES_ERROR;
				CLANG_WARN_DOCUMENTATION_COMMENTS = YES;
				CLANG_WARN_EMPTY_BODY = YES;
				CLANG_WARN_ENUM_CONVERSION = YES;
				CLANG_WARN_INFINITE_RECURSION = YES;
				CLANG_WARN_INT_CONVERSION = YES;
				CLANG_WARN_NON_LITERAL_NULL_CONVERSION = YES;
				CLANG_WARN_OBJC_IMPLICIT_RETAIN_SELF = YES;
				CLANG_WARN_OBJC_LITERAL_CONVERSION = YES;
				CLANG_WARN_OBJC_ROOT_CLASS = YES_ERROR;
				CLANG_WARN_RANGE_LOOP_ANALYSIS = YES;
				CLANG_WARN_STRICT_PROTOTYPES = YES;
				CLANG_WARN_SUSPICIOUS_MOVE = YES;
				CLANG_WARN_UNGUARDED_AVAILABILITY = YES_AGGRESSIVE;
				CLANG_WARN_UNREACHABLE_CODE = YES;
				CLANG_WARN__DUPLICATE_METHOD_MATCH = YES;
				CODE_SIGN_IDENTITY = "Mac Developer";
				COPY_PHASE_STRIP = NO;
				DEBUG_INFORMATION_FORMAT = dwarf;
				ENABLE_STRICT_OBJC_MSGSEND = YES;
				ENABLE_TESTABILITY = YES;
				GCC_C_LANGUAGE_STANDARD = gnu11;
				GCC_DYNAMIC_NO_PIC = NO;
				GCC_NO_COMMON_BLOCKS = YES;
				GCC_OPTIMIZATION_LEVEL = 0;
				GCC_PREPROCESSOR_DEFINITIONS = (
					"DEBUG=1",
					"$(inherited)",
				);
				GCC_WARN_64_TO_32_BIT_CONVERSION = YES;
				GCC_WARN_ABOUT_RETURN_TYPE = YES_ERROR;
				GCC_WARN_UNDECLARED_SELECTOR = YES;
				GCC_WARN_UNINITIALIZED_AUTOS = YES_AGGRESSIVE;
				GCC_WARN_UNUSED_FUNCTION = YES;
				GCC_WARN_UNUSED_VARIABLE = YES;
				MACOSX_DEPLOYMENT_TARGET = 10.14;
				MTL_ENABLE_DEBUG_INFO = INCLUDE_SOURCE;
				MTL_FAST_MATH = YES;
				ONLY_ACTIVE_ARCH = YES;
				SDKROOT = macosx;
				SWIFT_ACTIVE_COMPILATION_CONDITIONS = DEBUG;
				SWIFT_OPTIMIZATION_LEVEL = "-Onone";
			};
			name = Debug;
		};
		849034F32484615200AEB52A /* Release */ = {
			isa = XCBuildConfiguration;
			buildSettings = {
				ALWAYS_SEARCH_USER_PATHS = NO;
				CLANG_ANALYZER_NONNULL = YES;
				CLANG_ANALYZER_NUMBER_OBJECT_CONVERSION = YES_AGGRESSIVE;
				CLANG_CXX_LANGUAGE_STANDARD = "gnu++14";
				CLANG_CXX_LIBRARY = "libc++";
				CLANG_ENABLE_MODULES = YES;
				CLANG_ENABLE_OBJC_ARC = YES;
				CLANG_ENABLE_OBJC_WEAK = YES;
				CLANG_WARN_BLOCK_CAPTURE_AUTORELEASING = YES;
				CLANG_WARN_BOOL_CONVERSION = YES;
				CLANG_WARN_COMMA = YES;
				CLANG_WARN_CONSTANT_CONVERSION = YES;
				CLANG_WARN_DEPRECATED_OBJC_IMPLEMENTATIONS = YES;
				CLANG_WARN_DIRECT_OBJC_ISA_USAGE = YES_ERROR;
				CLANG_WARN_DOCUMENTATION_COMMENTS = YES;
				CLANG_WARN_EMPTY_BODY = YES;
				CLANG_WARN_ENUM_CONVERSION = YES;
				CLANG_WARN_INFINITE_RECURSION = YES;
				CLANG_WARN_INT_CONVERSION = YES;
				CLANG_WARN_NON_LITERAL_NULL_CONVERSION = YES;
				CLANG_WARN_OBJC_IMPLICIT_RETAIN_SELF = YES;
				CLANG_WARN_OBJC_LITERAL_CONVERSION = YES;
				CLANG_WARN_OBJC_ROOT_CLASS = YES_ERROR;
				CLANG_WARN_RANGE_LOOP_ANALYSIS = YES;
				CLANG_WARN_STRICT_PROTOTYPES = YES;
				CLANG_WARN_SUSPICIOUS_MOVE = YES;
				CLANG_WARN_UNGUARDED_AVAILABILITY = YES_AGGRESSIVE;
				CLANG_WARN_UNREACHABLE_CODE = YES;
				CLANG_WARN__DUPLICATE_METHOD_MATCH = YES;
				CODE_SIGN_IDENTITY = "Mac Developer";
				COPY_PHASE_STRIP = NO;
				DEBUG_INFORMATION_FORMAT = "dwarf-with-dsym";
				ENABLE_NS_ASSERTIONS = NO;
				ENABLE_STRICT_OBJC_MSGSEND = YES;
				GCC_C_LANGUAGE_STANDARD = gnu11;
				GCC_NO_COMMON_BLOCKS = YES;
				GCC_WARN_64_TO_32_BIT_CONVERSION = YES;
				GCC_WARN_ABOUT_RETURN_TYPE = YES_ERROR;
				GCC_WARN_UNDECLARED_SELECTOR = YES;
				GCC_WARN_UNINITIALIZED_AUTOS = YES_AGGRESSIVE;
				GCC_WARN_UNUSED_FUNCTION = YES;
				GCC_WARN_UNUSED_VARIABLE = YES;
				MACOSX_DEPLOYMENT_TARGET = 10.14;
				MTL_ENABLE_DEBUG_INFO = NO;
				MTL_FAST_MATH = YES;
				SDKROOT = macosx;
				SWIFT_COMPILATION_MODE = wholemodule;
				SWIFT_OPTIMIZATION_LEVEL = "-O";
			};
			name = Release;
		};
		849034F52484615200AEB52A /* Debug */ = {
			isa = XCBuildConfiguration;
			buildSettings = {
				ASSETCATALOG_COMPILER_APPICON_NAME = AppIcon;
				CODE_SIGN_ENTITLEMENTS = "qorona-quintet/qorona_quintet.entitlements";
				CODE_SIGN_STYLE = Automatic;
				COMBINE_HIDPI_IMAGES = YES;
				DEVELOPMENT_TEAM = D7QWX28KQQ;
				FRAMEWORK_SEARCH_PATHS = (
					"$(inherited)",
					"$(PROJECT_DIR)/Carthage/Build/Mac",
				);
				INFOPLIST_FILE = "qorona-quintet/Info.plist";
				LD_RUNPATH_SEARCH_PATHS = (
					"$(inherited)",
					"@executable_path/../Frameworks",
				);
				PRODUCT_BUNDLE_IDENTIFIER = "io.github.kevinychen.qorona-quintet";
				PRODUCT_NAME = "$(TARGET_NAME)";
				SWIFT_VERSION = 5.0;
			};
			name = Debug;
		};
		849034F62484615200AEB52A /* Release */ = {
			isa = XCBuildConfiguration;
			buildSettings = {
				ASSETCATALOG_COMPILER_APPICON_NAME = AppIcon;
				CODE_SIGN_ENTITLEMENTS = "qorona-quintet/qorona_quintet.entitlements";
				CODE_SIGN_STYLE = Automatic;
				COMBINE_HIDPI_IMAGES = YES;
				DEVELOPMENT_TEAM = D7QWX28KQQ;
				FRAMEWORK_SEARCH_PATHS = (
					"$(inherited)",
					"$(PROJECT_DIR)/Carthage/Build/Mac",
				);
				INFOPLIST_FILE = "qorona-quintet/Info.plist";
				LD_RUNPATH_SEARCH_PATHS = (
					"$(inherited)",
					"@executable_path/../Frameworks",
				);
				PRODUCT_BUNDLE_IDENTIFIER = "io.github.kevinychen.qorona-quintet";
				PRODUCT_NAME = "$(TARGET_NAME)";
				SWIFT_VERSION = 5.0;
			};
			name = Release;
		};
/* End XCBuildConfiguration section */

/* Begin XCConfigurationList section */
		849034E12484615200AEB52A /* Build configuration list for PBXProject "qorona-quintet" */ = {
			isa = XCConfigurationList;
			buildConfigurations = (
				849034F22484615200AEB52A /* Debug */,
				849034F32484615200AEB52A /* Release */,
			);
			defaultConfigurationIsVisible = 0;
			defaultConfigurationName = Release;
		};
		849034F42484615200AEB52A /* Build configuration list for PBXNativeTarget "qorona-quintet" */ = {
			isa = XCConfigurationList;
			buildConfigurations = (
				849034F52484615200AEB52A /* Debug */,
				849034F62484615200AEB52A /* Release */,
			);
			defaultConfigurationIsVisible = 0;
			defaultConfigurationName = Release;
		};
/* End XCConfigurationList section */
	};
	rootObject = 849034DE2484615200AEB52A /* Project object */;
}
